
Microsoft Visual Studio Solution File, Format Version 12.00
# Visual Studio Version 17
VisualStudioVersion = 17.6.33829.357
MinimumVisualStudioVersion = 10.0.40219.1
Project("{9A19103F-16F7-4668-BE54-9A1E7A4F7556}") = "DataAccess", "DataAccess\DataAccess.csproj", "{3C1568F8-6820-476B-9896-73C9369E40D3}"
EndProject
Project("{9A19103F-16F7-4668-BE54-9A1E7A4F7556}") = "Business", "Business\Business.csproj", "{3854B75A-DB3D-4225-8138-DEB6B81B29D2}"
EndProject
Project("{9A19103F-16F7-4668-BE54-9A1E7A4F7556}") = "Entities", "Entities\Entities.csproj", "{A5275EC8-57E5-4301-AF6F-37778767CD19}"
EndProject
Project("{9A19103F-16F7-4668-BE54-9A1E7A4F7556}") = "ConsoleUI", "ConsoleUI\ConsoleUI.csproj", "{56B32694-4379-41E7-B10B-5E1CC5590E0E}"
EndProject
Project("{FAE04EC0-301F-11D3-BF4B-00C04F79EFBC}") = "Core", "Core\Core.csproj", "{5BE7D555-ADFC-49FF-9BE8-B22D7CFB848B}"
EndProject
Global
	GlobalSection(SolutionConfigurationPlatforms) = preSolution
		Debug|Any CPU = Debug|Any CPU
		Release|Any CPU = Release|Any CPU
	EndGlobalSection
	GlobalSection(ProjectConfigurationPlatforms) = postSolution
		{3C1568F8-6820-476B-9896-73C9369E40D3}.Debug|Any CPU.ActiveCfg = Debug|Any CPU
		{3C1568F8-6820-476B-9896-73C9369E40D3}.Debug|Any CPU.Build.0 = Debug|Any CPU
		{3C1568F8-6820-476B-9896-73C9369E40D3}.Release|Any CPU.ActiveCfg = Release|Any CPU
		{3C1568F8-6820-476B-9896-73C9369E40D3}.Release|Any CPU.Build.0 = Release|Any CPU
		{3854B75A-DB3D-4225-8138-DEB6B81B29D2}.Debug|Any CPU.ActiveCfg = Debug|Any CPU
		{3854B75A-DB3D-4225-8138-DEB6B81B29D2}.Debug|Any CPU.Build.0 = Debug|Any CPU
		{3854B75A-DB3D-4225-8138-DEB6B81B29D2}.Release|Any CPU.ActiveCfg = Release|Any CPU
		{3854B75A-DB3D-4225-8138-DEB6B81B29D2}.Release|Any CPU.Build.0 = Release|Any CPU
		{A5275EC8-57E5-4301-AF6F-37778767CD19}.Debug|Any CPU.ActiveCfg = Debug|Any CPU
		{A5275EC8-57E5-4301-AF6F-37778767CD19}.Debug|Any CPU.Build.0 = Debug|Any CPU
		{A5275EC8-57E5-4301-AF6F-37778767CD19}.Release|Any CPU.ActiveCfg = Release|Any CPU
		{A5275EC8-57E5-4301-AF6F-37778767CD19}.Release|Any CPU.Build.0 = Release|Any CPU
		{56B32694-4379-41E7-B10B-5E1CC5590E0E}.Debug|Any CPU.ActiveCfg = Debug|Any CPU
		{56B32694-4379-41E7-B10B-5E1CC5590E0E}.Debug|Any CPU.Build.0 = Debug|Any CPU
		{56B32694-4379-41E7-B10B-5E1CC5590E0E}.Release|Any CPU.ActiveCfg = Release|Any CPU
		{56B32694-4379-41E7-B10B-5E1CC5590E0E}.Release|Any CPU.Build.0 = Release|Any CPU
		{5BE7D555-ADFC-49FF-9BE8-B22D7CFB848B}.Debug|Any CPU.ActiveCfg = Debug|Any CPU
		{5BE7D555-ADFC-49FF-9BE8-B22D7CFB848B}.Debug|Any CPU.Build.0 = Debug|Any CPU
		{5BE7D555-ADFC-49FF-9BE8-B22D7CFB848B}.Release|Any CPU.ActiveCfg = Release|Any CPU
		{5BE7D555-ADFC-49FF-9BE8-B22D7CFB848B}.Release|Any CPU.Build.0 = Release|Any CPU
	EndGlobalSection
	GlobalSection(SolutionProperties) = preSolution
		HideSolutionNode = FALSE
	EndGlobalSection
	GlobalSection(ExtensibilityGlobals) = postSolution
		SolutionGuid = {6D8AE733-D1B9-4BDB-A991-30D39E965A6F}
	EndGlobalSection
EndGlobal
